
Microsoft Visual Studio Solution File, Format Version 12.00
# Visual Studio Version 17
VisualStudioVersion = 17.8.34330.188
MinimumVisualStudioVersion = 10.0.40219.1
Project("{FAE04EC0-301F-11D3-BF4B-00C04F79EFBC}") = "lab1", "lab1\lab1.csproj", "{91CE7B21-ADDD-44CE-AF62-4E9F618B7D73}"
EndProject
Global
	GlobalSection(SolutionConfigurationPlatforms) = preSolution
		Debug|Any CPU = Debug|Any CPU
		Release|Any CPU = Release|Any CPU
	EndGlobalSection
	GlobalSection(ProjectConfigurationPlatforms) = postSolution
		{91CE7B21-ADDD-44CE-AF62-4E9F618B7D73}.Debug|Any CPU.ActiveCfg = Debug|Any CPU
		{91CE7B21-ADDD-44CE-AF62-4E9F618B7D73}.Debug|Any CPU.Build.0 = Debug|Any CPU
		{91CE7B21-ADDD-44CE-AF62-4E9F618B7D73}.Release|Any CPU.ActiveCfg = Release|Any CPU
		{91CE7B21-ADDD-44CE-AF62-4E9F618B7D73}.Release|Any CPU.Build.0 = Release|Any CPU
	EndGlobalSection
	GlobalSection(SolutionProperties) = preSolution
		HideSolutionNode = FALSE
	EndGlobalSection
	GlobalSection(ExtensibilityGlobals) = postSolution
		SolutionGuid = {219A5E3C-E987-42C2-AF58-7A59B1619316}
	EndGlobalSection
EndGlobal
