
Microsoft Visual Studio Solution File, Format Version 12.00
# Visual Studio Version 17
VisualStudioVersion = 17.8.34330.188
MinimumVisualStudioVersion = 10.0.40219.1
Project("{FAE04EC0-301F-11D3-BF4B-00C04F79EFBC}") = "lab4", "lab4\lab4.csproj", "{C7A6B203-6771-4B6E-ABCF-B33046D36108}"
EndProject
Project("{FAE04EC0-301F-11D3-BF4B-00C04F79EFBC}") = "lab4Libraries", "lab4Libraries\lab4Libraries.csproj", "{ECF444DE-26D7-462F-BC7F-6BBA0C934BF7}"
EndProject
Global
	GlobalSection(SolutionConfigurationPlatforms) = preSolution
		Debug|Any CPU = Debug|Any CPU
		Release|Any CPU = Release|Any CPU
	EndGlobalSection
	GlobalSection(ProjectConfigurationPlatforms) = postSolution
		{C7A6B203-6771-4B6E-ABCF-B33046D36108}.Debug|Any CPU.ActiveCfg = Debug|Any CPU
		{C7A6B203-6771-4B6E-ABCF-B33046D36108}.Debug|Any CPU.Build.0 = Debug|Any CPU
		{C7A6B203-6771-4B6E-ABCF-B33046D36108}.Release|Any CPU.ActiveCfg = Release|Any CPU
		{C7A6B203-6771-4B6E-ABCF-B33046D36108}.Release|Any CPU.Build.0 = Release|Any CPU
		{ECF444DE-26D7-462F-BC7F-6BBA0C934BF7}.Debug|Any CPU.ActiveCfg = Debug|Any CPU
		{ECF444DE-26D7-462F-BC7F-6BBA0C934BF7}.Debug|Any CPU.Build.0 = Debug|Any CPU
		{ECF444DE-26D7-462F-BC7F-6BBA0C934BF7}.Release|Any CPU.ActiveCfg = Release|Any CPU
		{ECF444DE-26D7-462F-BC7F-6BBA0C934BF7}.Release|Any CPU.Build.0 = Release|Any CPU
	EndGlobalSection
	GlobalSection(SolutionProperties) = preSolution
		HideSolutionNode = FALSE
	EndGlobalSection
	GlobalSection(ExtensibilityGlobals) = postSolution
		SolutionGuid = {ABFCD6A6-3D08-4063-BB6A-0EDBDA107684}
	EndGlobalSection
EndGlobal
